
Microsoft Visual Studio Solution File, Format Version 12.00
# Visual Studio Version 17
VisualStudioVersion = 17.4.33213.308
MinimumVisualStudioVersion = 10.0.40219.1
Project("{FAE04EC0-301F-11D3-BF4B-00C04F79EFBC}") = "CI_CD", "CI_CD\CI_CD.csproj", "{0F7CEC52-95CE-4376-B114-898F77819DAB}"
EndProject
Global
	GlobalSection(SolutionConfigurationPlatforms) = preSolution
		Debug|Any CPU = Debug|Any CPU
		Release|Any CPU = Release|Any CPU
	EndGlobalSection
	GlobalSection(ProjectConfigurationPlatforms) = postSolution
		{0F7CEC52-95CE-4376-B114-898F77819DAB}.Debug|Any CPU.ActiveCfg = Debug|Any CPU
		{0F7CEC52-95CE-4376-B114-898F77819DAB}.Debug|Any CPU.Build.0 = Debug|Any CPU
		{0F7CEC52-95CE-4376-B114-898F77819DAB}.Release|Any CPU.ActiveCfg = Release|Any CPU
		{0F7CEC52-95CE-4376-B114-898F77819DAB}.Release|Any CPU.Build.0 = Release|Any CPU
	EndGlobalSection
	GlobalSection(SolutionProperties) = preSolution
		HideSolutionNode = FALSE
	EndGlobalSection
	GlobalSection(ExtensibilityGlobals) = postSolution
		SolutionGuid = {B6E34894-1C90-44A7-8E05-B15CC81A180F}
	EndGlobalSection
EndGlobal
